
Microsoft Visual Studio Solution File, Format Version 12.00
# Visual Studio 15
VisualStudioVersion = 15.0.27703.2035
MinimumVisualStudioVersion = 10.0.40219.1
Project("{FAE04EC0-301F-11D3-BF4B-00C04F79EFBC}") = "fabFiveProject", "fabFiveProject\fabFiveProject.csproj", "{AF260F3C-23EB-4AE4-92FB-4EA9AEB85A0D}"
EndProject
Global
	GlobalSection(SolutionConfigurationPlatforms) = preSolution
		Debug|Any CPU = Debug|Any CPU
		Release|Any CPU = Release|Any CPU
	EndGlobalSection
	GlobalSection(ProjectConfigurationPlatforms) = postSolution
		{AF260F3C-23EB-4AE4-92FB-4EA9AEB85A0D}.Debug|Any CPU.ActiveCfg = Debug|Any CPU
		{AF260F3C-23EB-4AE4-92FB-4EA9AEB85A0D}.Debug|Any CPU.Build.0 = Debug|Any CPU
		{AF260F3C-23EB-4AE4-92FB-4EA9AEB85A0D}.Release|Any CPU.ActiveCfg = Release|Any CPU
		{AF260F3C-23EB-4AE4-92FB-4EA9AEB85A0D}.Release|Any CPU.Build.0 = Release|Any CPU
	EndGlobalSection
	GlobalSection(SolutionProperties) = preSolution
		HideSolutionNode = FALSE
	EndGlobalSection
	GlobalSection(ExtensibilityGlobals) = postSolution
		SolutionGuid = {482CBDFC-4396-42FB-B62C-DF740E9772A8}
	EndGlobalSection
EndGlobal
